
Microsoft Visual Studio Solution File, Format Version 12.00
# Visual Studio Version 17
VisualStudioVersion = 17.0.31808.319
MinimumVisualStudioVersion = 10.0.40219.1
Project("{2150E333-8FDC-42A3-9474-1A3956D46DE8}") = "Solution Items", "Solution Items", "{95DBADA6-9E18-4D0C-86C9-B3BF21122ACF}"
	ProjectSection(SolutionItems) = preProject
		..\.editorconfig = ..\.editorconfig
		..\.gitignore = ..\.gitignore
		..\Directory.Build.props = ..\Directory.Build.props
		..\LICENSE = ..\LICENSE
		..\README.md = ..\README.md
	EndProjectSection
EndProject
Project("{9A19103F-16F7-4668-BE54-9A1E7A4F7556}") = "Blogerator", "Blogerator\Blogerator.csproj", "{17B570B7-0DEF-423C-BB3E-C5987E373D21}"
EndProject
Global
	GlobalSection(SolutionConfigurationPlatforms) = preSolution
		Debug|Any CPU = Debug|Any CPU
		Release|Any CPU = Release|Any CPU
	EndGlobalSection
	GlobalSection(ProjectConfigurationPlatforms) = postSolution
		{17B570B7-0DEF-423C-BB3E-C5987E373D21}.Debug|Any CPU.ActiveCfg = Debug|Any CPU
		{17B570B7-0DEF-423C-BB3E-C5987E373D21}.Debug|Any CPU.Build.0 = Debug|Any CPU
		{17B570B7-0DEF-423C-BB3E-C5987E373D21}.Release|Any CPU.ActiveCfg = Release|Any CPU
		{17B570B7-0DEF-423C-BB3E-C5987E373D21}.Release|Any CPU.Build.0 = Release|Any CPU
	EndGlobalSection
	GlobalSection(SolutionProperties) = preSolution
		HideSolutionNode = FALSE
	EndGlobalSection
	GlobalSection(ExtensibilityGlobals) = postSolution
		SolutionGuid = {A6D55107-1139-4ED5-BD2C-A55058173934}
	EndGlobalSection
EndGlobal
